
Microsoft Visual Studio Solution File, Format Version 12.00
# Visual Studio 14
VisualStudioVersion = 14.0.25123.0
MinimumVisualStudioVersion = 10.0.40219.1
Project("{2150E333-8FDC-42A3-9474-1A3956D46DE8}") = "src", "src", "{A7FD8CC0-10DE-4B9E-942B-85534E869001}"
EndProject
Project("{2150E333-8FDC-42A3-9474-1A3956D46DE8}") = "Solution Items", "Solution Items", "{1C6D5FFE-1000-4348-9E64-A42D68E0C749}"
	ProjectSection(SolutionItems) = preProject
		global.json = global.json
	EndProjectSection
EndProject
Project("{8BB2217D-0F2D-49D1-97BC-3654ED321F3B}") = "tobiaslundin.se", "src\tobiaslundin.se.xproj", "{44CD83EE-2652-46CC-88FB-6E20838381D0}"
EndProject
Global
	GlobalSection(SolutionConfigurationPlatforms) = preSolution
		Debug|Any CPU = Debug|Any CPU
		Release|Any CPU = Release|Any CPU
	EndGlobalSection
	GlobalSection(ProjectConfigurationPlatforms) = postSolution
		{44CD83EE-2652-46CC-88FB-6E20838381D0}.Debug|Any CPU.ActiveCfg = Debug|Any CPU
		{44CD83EE-2652-46CC-88FB-6E20838381D0}.Debug|Any CPU.Build.0 = Debug|Any CPU
		{44CD83EE-2652-46CC-88FB-6E20838381D0}.Release|Any CPU.ActiveCfg = Release|Any CPU
		{44CD83EE-2652-46CC-88FB-6E20838381D0}.Release|Any CPU.Build.0 = Release|Any CPU
	EndGlobalSection
	GlobalSection(SolutionProperties) = preSolution
		HideSolutionNode = FALSE
	EndGlobalSection
	GlobalSection(NestedProjects) = preSolution
		{44CD83EE-2652-46CC-88FB-6E20838381D0} = {A7FD8CC0-10DE-4B9E-942B-85534E869001}
	EndGlobalSection
EndGlobal
